
Microsoft Visual Studio Solution File, Format Version 9.00
# Visual Studio 2005
Project("{8BC9CEB8-8B4A-11D0-8D11-00A0C91BC942}") = "naeem-corelibs-util", "naeem-corelibs-util\naeem-corelibs-util.vcproj", "{A4EB03E7-A845-4484-AFC4-53102C2CA32B}"
EndProject
Project("{8BC9CEB8-8B4A-11D0-8D11-00A0C91BC942}") = "naeem-corelibs-test", "naeem-corelibs-test\naeem-corelibs-test.vcproj", "{4AA50A86-079E-4E3B-950C-0A5C5251A4FF}"
EndProject
Project("{8BC9CEB8-8B4A-11D0-8D11-00A0C91BC942}") = "naeem-corelibs-unicode", "naeem-corelibs-unicode\naeem-corelibs-unicode.vcproj", "{FBD797C5-0BF3-49D9-AC27-0A70272D4A2C}"
EndProject
Project("{8BC9CEB8-8B4A-11D0-8D11-00A0C91BC942}") = "naeem-corelibs-scard", "naeem-corelibs-scard\naeem-corelibs-scard.vcproj", "{B3AD20AF-7339-4714-8C8C-D1C7D11DEB88}"
EndProject
Project("{8BC9CEB8-8B4A-11D0-8D11-00A0C91BC942}") = "naeem-corelibs-rand", "naeem-corelibs-rand\naeem-corelibs-rand.vcproj", "{83D65730-9A91-4F69-B0B0-B803CF8C04AA}"
EndProject
Project("{8BC9CEB8-8B4A-11D0-8D11-00A0C91BC942}") = "naeem-corelibs-pkcs11", "naeem-corelibs-pkcs11\naeem-corelibs-pkcs11.vcproj", "{D714B35F-BC94-4E24-B9DF-ABA53BEE8B98}"
EndProject
Project("{8BC9CEB8-8B4A-11D0-8D11-00A0C91BC942}") = "naeem-corelibs-os", "naeem-corelibs-os\naeem-corelibs-os.vcproj", "{E814C466-9F11-44F4-904C-32DD004413E0}"
EndProject
Project("{8BC9CEB8-8B4A-11D0-8D11-00A0C91BC942}") = "naeem-corelibs-log", "naeem-corelibs-log\naeem-corelibs-log.vcproj", "{A59BC801-A45C-4AE8-971B-2F2B246876A0}"
EndProject
Project("{8BC9CEB8-8B4A-11D0-8D11-00A0C91BC942}") = "naeem-corelibs-date", "naeem-corelibs-date\naeem-corelibs-date.vcproj", "{DB30119E-B7F0-49CB-96F6-85682A670672}"
EndProject
Global
	GlobalSection(SolutionConfigurationPlatforms) = preSolution
		Debug|Win32 = Debug|Win32
		Release|Win32 = Release|Win32
	EndGlobalSection
	GlobalSection(ProjectConfigurationPlatforms) = postSolution
		{A4EB03E7-A845-4484-AFC4-53102C2CA32B}.Debug|Win32.ActiveCfg = Debug|Win32
		{A4EB03E7-A845-4484-AFC4-53102C2CA32B}.Debug|Win32.Build.0 = Debug|Win32
		{A4EB03E7-A845-4484-AFC4-53102C2CA32B}.Release|Win32.ActiveCfg = Release|Win32
		{A4EB03E7-A845-4484-AFC4-53102C2CA32B}.Release|Win32.Build.0 = Release|Win32
		{4AA50A86-079E-4E3B-950C-0A5C5251A4FF}.Debug|Win32.ActiveCfg = Debug|Win32
		{4AA50A86-079E-4E3B-950C-0A5C5251A4FF}.Debug|Win32.Build.0 = Debug|Win32
		{4AA50A86-079E-4E3B-950C-0A5C5251A4FF}.Release|Win32.ActiveCfg = Release|Win32
		{4AA50A86-079E-4E3B-950C-0A5C5251A4FF}.Release|Win32.Build.0 = Release|Win32
		{FBD797C5-0BF3-49D9-AC27-0A70272D4A2C}.Debug|Win32.ActiveCfg = Debug|Win32
		{FBD797C5-0BF3-49D9-AC27-0A70272D4A2C}.Debug|Win32.Build.0 = Debug|Win32
		{FBD797C5-0BF3-49D9-AC27-0A70272D4A2C}.Release|Win32.ActiveCfg = Release|Win32
		{FBD797C5-0BF3-49D9-AC27-0A70272D4A2C}.Release|Win32.Build.0 = Release|Win32
		{B3AD20AF-7339-4714-8C8C-D1C7D11DEB88}.Debug|Win32.ActiveCfg = Debug|Win32
		{B3AD20AF-7339-4714-8C8C-D1C7D11DEB88}.Debug|Win32.Build.0 = Debug|Win32
		{B3AD20AF-7339-4714-8C8C-D1C7D11DEB88}.Release|Win32.ActiveCfg = Release|Win32
		{B3AD20AF-7339-4714-8C8C-D1C7D11DEB88}.Release|Win32.Build.0 = Release|Win32
		{83D65730-9A91-4F69-B0B0-B803CF8C04AA}.Debug|Win32.ActiveCfg = Debug|Win32
		{83D65730-9A91-4F69-B0B0-B803CF8C04AA}.Debug|Win32.Build.0 = Debug|Win32
		{83D65730-9A91-4F69-B0B0-B803CF8C04AA}.Release|Win32.ActiveCfg = Release|Win32
		{83D65730-9A91-4F69-B0B0-B803CF8C04AA}.Release|Win32.Build.0 = Release|Win32
		{D714B35F-BC94-4E24-B9DF-ABA53BEE8B98}.Debug|Win32.ActiveCfg = Debug|Win32
		{D714B35F-BC94-4E24-B9DF-ABA53BEE8B98}.Debug|Win32.Build.0 = Debug|Win32
		{D714B35F-BC94-4E24-B9DF-ABA53BEE8B98}.Release|Win32.ActiveCfg = Release|Win32
		{D714B35F-BC94-4E24-B9DF-ABA53BEE8B98}.Release|Win32.Build.0 = Release|Win32
		{E814C466-9F11-44F4-904C-32DD004413E0}.Debug|Win32.ActiveCfg = Debug|Win32
		{E814C466-9F11-44F4-904C-32DD004413E0}.Debug|Win32.Build.0 = Debug|Win32
		{E814C466-9F11-44F4-904C-32DD004413E0}.Release|Win32.ActiveCfg = Release|Win32
		{E814C466-9F11-44F4-904C-32DD004413E0}.Release|Win32.Build.0 = Release|Win32
		{A59BC801-A45C-4AE8-971B-2F2B246876A0}.Debug|Win32.ActiveCfg = Debug|Win32
		{A59BC801-A45C-4AE8-971B-2F2B246876A0}.Debug|Win32.Build.0 = Debug|Win32
		{A59BC801-A45C-4AE8-971B-2F2B246876A0}.Release|Win32.ActiveCfg = Release|Win32
		{A59BC801-A45C-4AE8-971B-2F2B246876A0}.Release|Win32.Build.0 = Release|Win32
		{DB30119E-B7F0-49CB-96F6-85682A670672}.Debug|Win32.ActiveCfg = Debug|Win32
		{DB30119E-B7F0-49CB-96F6-85682A670672}.Debug|Win32.Build.0 = Debug|Win32
		{DB30119E-B7F0-49CB-96F6-85682A670672}.Release|Win32.ActiveCfg = Release|Win32
		{DB30119E-B7F0-49CB-96F6-85682A670672}.Release|Win32.Build.0 = Release|Win32
	EndGlobalSection
	GlobalSection(SolutionProperties) = preSolution
		HideSolutionNode = FALSE
	EndGlobalSection
EndGlobal
